
Microsoft Visual Studio Solution File, Format Version 12.00
# Visual Studio Version 16
VisualStudioVersion = 16.0.30002.166
MinimumVisualStudioVersion = 10.0.40219.1
Project("{FAE04EC0-301F-11D3-BF4B-00C04F79EFBC}") = "ExceptionHandling", "ExceptionHandling.csproj", "{37229EFD-E077-4947-A04C-39DA7EF90108}"
EndProject
Global
	GlobalSection(SolutionConfigurationPlatforms) = preSolution
		Debug|Any CPU = Debug|Any CPU
		Release|Any CPU = Release|Any CPU
	EndGlobalSection
	GlobalSection(ProjectConfigurationPlatforms) = postSolution
		{37229EFD-E077-4947-A04C-39DA7EF90108}.Debug|Any CPU.ActiveCfg = Debug|Any CPU
		{37229EFD-E077-4947-A04C-39DA7EF90108}.Debug|Any CPU.Build.0 = Debug|Any CPU
		{37229EFD-E077-4947-A04C-39DA7EF90108}.Release|Any CPU.ActiveCfg = Release|Any CPU
		{37229EFD-E077-4947-A04C-39DA7EF90108}.Release|Any CPU.Build.0 = Release|Any CPU
	EndGlobalSection
	GlobalSection(SolutionProperties) = preSolution
		HideSolutionNode = FALSE
	EndGlobalSection
	GlobalSection(ExtensibilityGlobals) = postSolution
		SolutionGuid = {3B28B09E-CC23-44C8-82F3-A6E384F019C8}
	EndGlobalSection
EndGlobal
