
Microsoft Visual Studio Solution File, Format Version 12.00
# Visual Studio Version 16
VisualStudioVersion = 16.0.30002.166
MinimumVisualStudioVersion = 10.0.40219.1
Project("{FAE04EC0-301F-11D3-BF4B-00C04F79EFBC}") = "TwoDimArrays", "TwoDimArrays.csproj", "{2BF05EAA-7905-4A29-AFDE-9A10523B982C}"
EndProject
Global
	GlobalSection(SolutionConfigurationPlatforms) = preSolution
		Debug|Any CPU = Debug|Any CPU
		Release|Any CPU = Release|Any CPU
	EndGlobalSection
	GlobalSection(ProjectConfigurationPlatforms) = postSolution
		{2BF05EAA-7905-4A29-AFDE-9A10523B982C}.Debug|Any CPU.ActiveCfg = Debug|Any CPU
		{2BF05EAA-7905-4A29-AFDE-9A10523B982C}.Debug|Any CPU.Build.0 = Debug|Any CPU
		{2BF05EAA-7905-4A29-AFDE-9A10523B982C}.Release|Any CPU.ActiveCfg = Release|Any CPU
		{2BF05EAA-7905-4A29-AFDE-9A10523B982C}.Release|Any CPU.Build.0 = Release|Any CPU
	EndGlobalSection
	GlobalSection(SolutionProperties) = preSolution
		HideSolutionNode = FALSE
	EndGlobalSection
	GlobalSection(ExtensibilityGlobals) = postSolution
		SolutionGuid = {3F5F2674-185B-48FB-9E89-FEFFCB0F7F82}
	EndGlobalSection
EndGlobal
