
Microsoft Visual Studio Solution File, Format Version 12.00
# Visual Studio Version 16
VisualStudioVersion = 16.0.30002.166
MinimumVisualStudioVersion = 10.0.40219.1
Project("{FAE04EC0-301F-11D3-BF4B-00C04F79EFBC}") = "GettersAndSetters", "GettersAndSetters.csproj", "{7E6BBF7C-6833-431A-B1EF-6E3DCECB1DC1}"
EndProject
Global
	GlobalSection(SolutionConfigurationPlatforms) = preSolution
		Debug|Any CPU = Debug|Any CPU
		Release|Any CPU = Release|Any CPU
	EndGlobalSection
	GlobalSection(ProjectConfigurationPlatforms) = postSolution
		{7E6BBF7C-6833-431A-B1EF-6E3DCECB1DC1}.Debug|Any CPU.ActiveCfg = Debug|Any CPU
		{7E6BBF7C-6833-431A-B1EF-6E3DCECB1DC1}.Debug|Any CPU.Build.0 = Debug|Any CPU
		{7E6BBF7C-6833-431A-B1EF-6E3DCECB1DC1}.Release|Any CPU.ActiveCfg = Release|Any CPU
		{7E6BBF7C-6833-431A-B1EF-6E3DCECB1DC1}.Release|Any CPU.Build.0 = Release|Any CPU
	EndGlobalSection
	GlobalSection(SolutionProperties) = preSolution
		HideSolutionNode = FALSE
	EndGlobalSection
	GlobalSection(ExtensibilityGlobals) = postSolution
		SolutionGuid = {D528DE07-E24D-402D-B973-61B0A0DF3EF6}
	EndGlobalSection
EndGlobal
